// !$*UTF8*$!
{
	archiveVersion = 1;
	classes = {
	};
	objectVersion = 50;
	objects = {

/* Begin PBXBuildFile section */
		E2047CC62619DC7900E7F1AE /* ResponseType.swift in Sources */ = {isa = PBXBuildFile; fileRef = E2047CC52619DC7900E7F1AE /* ResponseType.swift */; };
		E2047CCB2619DF0900E7F1AE /* Answer.swift in Sources */ = {isa = PBXBuildFile; fileRef = E2047CCA2619DF0900E7F1AE /* Answer.swift */; };
		E2047CCE2619E00200E7F1AE /* AnimalType.swift in Sources */ = {isa = PBXBuildFile; fileRef = E2047CCD2619E00200E7F1AE /* AnimalType.swift */; };
		E268045E2611D6FB00544F2C /* AppDelegate.swift in Sources */ = {isa = PBXBuildFile; fileRef = E268045D2611D6FB00544F2C /* AppDelegate.swift */; };
		E26804602611D6FB00544F2C /* SceneDelegate.swift in Sources */ = {isa = PBXBuildFile; fileRef = E268045F2611D6FB00544F2C /* SceneDelegate.swift */; };
		E26804622611D6FB00544F2C /* IntroductionViewController.swift in Sources */ = {isa = PBXBuildFile; fileRef = E26804612611D6FB00544F2C /* IntroductionViewController.swift */; };
		E26804652611D6FB00544F2C /* Main.storyboard in Resources */ = {isa = PBXBuildFile; fileRef = E26804632611D6FB00544F2C /* Main.storyboard */; };
		E26804672611D6FB00544F2C /* Assets.xcassets in Resources */ = {isa = PBXBuildFile; fileRef = E26804662611D6FB00544F2C /* Assets.xcassets */; };
		E268046A2611D6FB00544F2C /* LaunchScreen.storyboard in Resources */ = {isa = PBXBuildFile; fileRef = E26804682611D6FB00544F2C /* LaunchScreen.storyboard */; };
		E268047326124D4200544F2C /* Question.swift in Sources */ = {isa = PBXBuildFile; fileRef = E268047226124D4200544F2C /* Question.swift */; };
		E2821B6B261E200E004C102E /* QuestionViewController.swift in Sources */ = {isa = PBXBuildFile; fileRef = E2821B6A261E200E004C102E /* QuestionViewController.swift */; };
		E2821B6E261E207E004C102E /* ResultsViewController.swift in Sources */ = {isa = PBXBuildFile; fileRef = E2821B6D261E207E004C102E /* ResultsViewController.swift */; };
/* End PBXBuildFile section */

/* Begin PBXFileReference section */
		E2047CC52619DC7900E7F1AE /* ResponseType.swift */ = {isa = PBXFileReference; lastKnownFileType = sourcecode.swift; path = ResponseType.swift; sourceTree = "<group>"; };
		E2047CCA2619DF0900E7F1AE /* Answer.swift */ = {isa = PBXFileReference; lastKnownFileType = sourcecode.swift; path = Answer.swift; sourceTree = "<group>"; };
		E2047CCD2619E00200E7F1AE /* AnimalType.swift */ = {isa = PBXFileReference; lastKnownFileType = sourcecode.swift; path = AnimalType.swift; sourceTree = "<group>"; };
		E268045A2611D6FB00544F2C /* Personal Quiz.app */ = {isa = PBXFileReference; explicitFileType = wrapper.application; includeInIndex = 0; path = "Personal Quiz.app"; sourceTree = BUILT_PRODUCTS_DIR; };
		E268045D2611D6FB00544F2C /* AppDelegate.swift */ = {isa = PBXFileReference; lastKnownFileType = sourcecode.swift; path = AppDelegate.swift; sourceTree = "<group>"; };
		E268045F2611D6FB00544F2C /* SceneDelegate.swift */ = {isa = PBXFileReference; lastKnownFileType = sourcecode.swift; path = SceneDelegate.swift; sourceTree = "<group>"; };
		E26804612611D6FB00544F2C /* IntroductionViewController.swift */ = {isa = PBXFileReference; lastKnownFileType = sourcecode.swift; path = IntroductionViewController.swift; sourceTree = "<group>"; };
		E26804642611D6FB00544F2C /* Base */ = {isa = PBXFileReference; lastKnownFileType = file.storyboard; name = Base; path = Base.lproj/Main.storyboard; sourceTree = "<group>"; };
		E26804662611D6FB00544F2C /* Assets.xcassets */ = {isa = PBXFileReference; lastKnownFileType = folder.assetcatalog; path = Assets.xcassets; sourceTree = "<group>"; };
		E26804692611D6FB00544F2C /* Base */ = {isa = PBXFileReference; lastKnownFileType = file.storyboard; name = Base; path = Base.lproj/LaunchScreen.storyboard; sourceTree = "<group>"; };
		E268046B2611D6FB00544F2C /* Info.plist */ = {isa = PBXFileReference; lastKnownFileType = text.plist.xml; path = Info.plist; sourceTree = "<group>"; };
		E268047226124D4200544F2C /* Question.swift */ = {isa = PBXFileReference; lastKnownFileType = sourcecode.swift; path = Question.swift; sourceTree = "<group>"; };
		E2821B6A261E200E004C102E /* QuestionViewController.swift */ = {isa = PBXFileReference; lastKnownFileType = sourcecode.swift; path = QuestionViewController.swift; sourceTree = "<group>"; };
		E2821B6D261E207E004C102E /* ResultsViewController.swift */ = {isa = PBXFileReference; lastKnownFileType = sourcecode.swift; path = ResultsViewController.swift; sourceTree = "<group>"; };
/* End PBXFileReference section */

/* Begin PBXFrameworksBuildPhase section */
		E26804572611D6FB00544F2C /* Frameworks */ = {
			isa = PBXFrameworksBuildPhase;
			buildActionMask = 2147483647;
			files = (
			);
			runOnlyForDeploymentPostprocessing = 0;
		};
/* End PBXFrameworksBuildPhase section */

/* Begin PBXGroup section */
		E2047CC42619DB1D00E7F1AE /* Resources */ = {
			isa = PBXGroup;
			children = (
				E26804662611D6FB00544F2C /* Assets.xcassets */,
			);
			path = Resources;
			sourceTree = "<group>";
		};
		E26804512611D6FB00544F2C = {
			isa = PBXGroup;
			children = (
				E268045C2611D6FB00544F2C /* Personal Quiz */,
				E268045B2611D6FB00544F2C /* Products */,
			);
			sourceTree = "<group>";
		};
		E268045B2611D6FB00544F2C /* Products */ = {
			isa = PBXGroup;
			children = (
				E268045A2611D6FB00544F2C /* Personal Quiz.app */,
			);
			name = Products;
			sourceTree = "<group>";
		};
		E268045C2611D6FB00544F2C /* Personal Quiz */ = {
			isa = PBXGroup;
			children = (
				E268047726124D8100544F2C /* Model */,
				E268047A26124DE900544F2C /* View */,
				E268047526124D7000544F2C /* Controller */,
				E2047CC42619DB1D00E7F1AE /* Resources */,
				E268047B26124E1800544F2C /* Supporting Files */,
			);
			path = "Personal Quiz";
			sourceTree = "<group>";
		};
		E268047526124D7000544F2C /* Controller */ = {
			isa = PBXGroup;
			children = (
				E26804612611D6FB00544F2C /* IntroductionViewController.swift */,
				E2821B6A261E200E004C102E /* QuestionViewController.swift */,
				E2821B6D261E207E004C102E /* ResultsViewController.swift */,
			);
			path = Controller;
			sourceTree = "<group>";
		};
		E268047726124D8100544F2C /* Model */ = {
			isa = PBXGroup;
			children = (
				E268047226124D4200544F2C /* Question.swift */,
				E2047CCD2619E00200E7F1AE /* AnimalType.swift */,
				E2047CCA2619DF0900E7F1AE /* Answer.swift */,
				E2047CC52619DC7900E7F1AE /* ResponseType.swift */,
			);
			path = Model;
			sourceTree = "<group>";
		};
		E268047A26124DE900544F2C /* View */ = {
			isa = PBXGroup;
			children = (
				E26804632611D6FB00544F2C /* Main.storyboard */,
				E26804682611D6FB00544F2C /* LaunchScreen.storyboard */,
			);
			name = View;
			sourceTree = "<group>";
		};
		E268047B26124E1800544F2C /* Supporting Files */ = {
			isa = PBXGroup;
			children = (
				E268045F2611D6FB00544F2C /* SceneDelegate.swift */,
				E268046B2611D6FB00544F2C /* Info.plist */,
				E268045D2611D6FB00544F2C /* AppDelegate.swift */,
			);
			path = "Supporting Files";
			sourceTree = "<group>";
		};
/* End PBXGroup section */

/* Begin PBXNativeTarget section */
		E26804592611D6FB00544F2C /* Personal Quiz */ = {
			isa = PBXNativeTarget;
			buildConfigurationList = E268046E2611D6FB00544F2C /* Build configuration list for PBXNativeTarget "Personal Quiz" */;
			buildPhases = (
				E26804562611D6FB00544F2C /* Sources */,
				E26804572611D6FB00544F2C /* Frameworks */,
				E26804582611D6FB00544F2C /* Resources */,
			);
			buildRules = (
			);
			dependencies = (
			);
			name = "Personal Quiz";
			productName = "Personal Quiz";
			productReference = E268045A2611D6FB00544F2C /* Personal Quiz.app */;
			productType = "com.apple.product-type.application";
		};
/* End PBXNativeTarget section */

/* Begin PBXProject section */
		E26804522611D6FB00544F2C /* Project object */ = {
			isa = PBXProject;
			attributes = {
				LastSwiftUpdateCheck = 1240;
				LastUpgradeCheck = 1240;
				TargetAttributes = {
					E26804592611D6FB00544F2C = {
						CreatedOnToolsVersion = 12.4;
					};
				};
			};
			buildConfigurationList = E26804552611D6FB00544F2C /* Build configuration list for PBXProject "Personal Quiz" */;
			compatibilityVersion = "Xcode 9.3";
			developmentRegion = en;
			hasScannedForEncodings = 0;
			knownRegions = (
				en,
				Base,
			);
			mainGroup = E26804512611D6FB00544F2C;
			productRefGroup = E268045B2611D6FB00544F2C /* Products */;
			projectDirPath = "";
			projectRoot = "";
			targets = (
				E26804592611D6FB00544F2C /* Personal Quiz */,
			);
		};
/* End PBXProject section */

/* Begin PBXResourcesBuildPhase section */
		E26804582611D6FB00544F2C /* Resources */ = {
			isa = PBXResourcesBuildPhase;
			buildActionMask = 2147483647;
			files = (
				E268046A2611D6FB00544F2C /* LaunchScreen.storyboard in Resources */,
				E26804672611D6FB00544F2C /* Assets.xcassets in Resources */,
				E26804652611D6FB00544F2C /* Main.storyboard in Resources */,
			);
			runOnlyForDeploymentPostprocessing = 0;
		};
/* End PBXResourcesBuildPhase section */

/* Begin PBXSourcesBuildPhase section */
		E26804562611D6FB00544F2C /* Sources */ = {
			isa = PBXSourcesBuildPhase;
			buildActionMask = 2147483647;
			files = (
				E26804622611D6FB00544F2C /* IntroductionViewController.swift in Sources */,
				E268047326124D4200544F2C /* Question.swift in Sources */,
				E268045E2611D6FB00544F2C /* AppDelegate.swift in Sources */,
				E2047CCB2619DF0900E7F1AE /* Answer.swift in Sources */,
				E2047CC62619DC7900E7F1AE /* ResponseType.swift in Sources */,
				E2821B6E261E207E004C102E /* ResultsViewController.swift in Sources */,
				E26804602611D6FB00544F2C /* SceneDelegate.swift in Sources */,
				E2821B6B261E200E004C102E /* QuestionViewController.swift in Sources */,
				E2047CCE2619E00200E7F1AE /* AnimalType.swift in Sources */,
			);
			runOnlyForDeploymentPostprocessing = 0;
		};
/* End PBXSourcesBuildPhase section */

/* Begin PBXVariantGroup section */
		E26804632611D6FB00544F2C /* Main.storyboard */ = {
			isa = PBXVariantGroup;
			children = (
				E26804642611D6FB00544F2C /* Base */,
			);
			name = Main.storyboard;
			sourceTree = "<group>";
		};
		E26804682611D6FB00544F2C /* LaunchScreen.storyboard */ = {
			isa = PBXVariantGroup;
			children = (
				E26804692611D6FB00544F2C /* Base */,
			);
			name = LaunchScreen.storyboard;
			sourceTree = "<group>";
		};
/* End PBXVariantGroup section */

/* Begin XCBuildConfiguration section */
		E268046C2611D6FB00544F2C /* Debug */ = {
			isa = XCBuildConfiguration;
			buildSettings = {
				ALWAYS_SEARCH_USER_PATHS = NO;
				CLANG_ANALYZER_NONNULL = YES;
				CLANG_ANALYZER_NUMBER_OBJECT_CONVERSION = YES_AGGRESSIVE;
				CLANG_CXX_LANGUAGE_STANDARD = "gnu++14";
				CLANG_CXX_LIBRARY = "libc++";
				CLANG_ENABLE_MODULES = YES;
				CLANG_ENABLE_OBJC_ARC = YES;
				CLANG_ENABLE_OBJC_WEAK = YES;
				CLANG_WARN_BLOCK_CAPTURE_AUTORELEASING = YES;
				CLANG_WARN_BOOL_CONVERSION = YES;
				CLANG_WARN_COMMA = YES;
				CLANG_WARN_CONSTANT_CONVERSION = YES;
				CLANG_WARN_DEPRECATED_OBJC_IMPLEMENTATIONS = YES;
				CLANG_WARN_DIRECT_OBJC_ISA_USAGE = YES_ERROR;
				CLANG_WARN_DOCUMENTATION_COMMENTS = YES;
				CLANG_WARN_EMPTY_BODY = YES;
				CLANG_WARN_ENUM_CONVERSION = YES;
				CLANG_WARN_INFINITE_RECURSION = YES;
				CLANG_WARN_INT_CONVERSION = YES;
				CLANG_WARN_NON_LITERAL_NULL_CONVERSION = YES;
				CLANG_WARN_OBJC_IMPLICIT_RETAIN_SELF = YES;
				CLANG_WARN_OBJC_LITERAL_CONVERSION = YES;
				CLANG_WARN_OBJC_ROOT_CLASS = YES_ERROR;
				CLANG_WARN_QUOTED_INCLUDE_IN_FRAMEWORK_HEADER = YES;
				CLANG_WARN_RANGE_LOOP_ANALYSIS = YES;
				CLANG_WARN_STRICT_PROTOTYPES = YES;
				CLANG_WARN_SUSPICIOUS_MOVE = YES;
				CLANG_WARN_UNGUARDED_AVAILABILITY = YES_AGGRESSIVE;
				CLANG_WARN_UNREACHABLE_CODE = YES;
				CLANG_WARN__DUPLICATE_METHOD_MATCH = YES;
				COPY_PHASE_STRIP = NO;
				DEBUG_INFORMATION_FORMAT = dwarf;
				ENABLE_STRICT_OBJC_MSGSEND = YES;
				ENABLE_TESTABILITY = YES;
				GCC_C_LANGUAGE_STANDARD = gnu11;
				GCC_DYNAMIC_NO_PIC = NO;
				GCC_NO_COMMON_BLOCKS = YES;
				GCC_OPTIMIZATION_LEVEL = 0;
				GCC_PREPROCESSOR_DEFINITIONS = (
					"DEBUG=1",
					"$(inherited)",
				);
				GCC_WARN_64_TO_32_BIT_CONVERSION = YES;
				GCC_WARN_ABOUT_RETURN_TYPE = YES_ERROR;
				GCC_WARN_UNDECLARED_SELECTOR = YES;
				GCC_WARN_UNINITIALIZED_AUTOS = YES_AGGRESSIVE;
				GCC_WARN_UNUSED_FUNCTION = YES;
				GCC_WARN_UNUSED_VARIABLE = YES;
				IPHONEOS_DEPLOYMENT_TARGET = 14.4;
				MTL_ENABLE_DEBUG_INFO = INCLUDE_SOURCE;
				MTL_FAST_MATH = YES;
				ONLY_ACTIVE_ARCH = YES;
				SDKROOT = iphoneos;
				SWIFT_ACTIVE_COMPILATION_CONDITIONS = DEBUG;
				SWIFT_OPTIMIZATION_LEVEL = "-Onone";
			};
			name = Debug;
		};
		E268046D2611D6FB00544F2C /* Release */ = {
			isa = XCBuildConfiguration;
			buildSettings = {
				ALWAYS_SEARCH_USER_PATHS = NO;
				CLANG_ANALYZER_NONNULL = YES;
				CLANG_ANALYZER_NUMBER_OBJECT_CONVERSION = YES_AGGRESSIVE;
				CLANG_CXX_LANGUAGE_STANDARD = "gnu++14";
				CLANG_CXX_LIBRARY = "libc++";
				CLANG_ENABLE_MODULES = YES;
				CLANG_ENABLE_OBJC_ARC = YES;
				CLANG_ENABLE_OBJC_WEAK = YES;
				CLANG_WARN_BLOCK_CAPTURE_AUTORELEASING = YES;
				CLANG_WARN_BOOL_CONVERSION = YES;
				CLANG_WARN_COMMA = YES;
				CLANG_WARN_CONSTANT_CONVERSION = YES;
				CLANG_WARN_DEPRECATED_OBJC_IMPLEMENTATIONS = YES;
				CLANG_WARN_DIRECT_OBJC_ISA_USAGE = YES_ERROR;
				CLANG_WARN_DOCUMENTATION_COMMENTS = YES;
				CLANG_WARN_EMPTY_BODY = YES;
				CLANG_WARN_ENUM_CONVERSION = YES;
				CLANG_WARN_INFINITE_RECURSION = YES;
				CLANG_WARN_INT_CONVERSION = YES;
				CLANG_WARN_NON_LITERAL_NULL_CONVERSION = YES;
				CLANG_WARN_OBJC_IMPLICIT_RETAIN_SELF = YES;
				CLANG_WARN_OBJC_LITERAL_CONVERSION = YES;
				CLANG_WARN_OBJC_ROOT_CLASS = YES_ERROR;
				CLANG_WARN_QUOTED_INCLUDE_IN_FRAMEWORK_HEADER = YES;
				CLANG_WARN_RANGE_LOOP_ANALYSIS = YES;
				CLANG_WARN_STRICT_PROTOTYPES = YES;
				CLANG_WARN_SUSPICIOUS_MOVE = YES;
				CLANG_WARN_UNGUARDED_AVAILABILITY = YES_AGGRESSIVE;
				CLANG_WARN_UNREACHABLE_CODE = YES;
				CLANG_WARN__DUPLICATE_METHOD_MATCH = YES;
				COPY_PHASE_STRIP = NO;
				DEBUG_INFORMATION_FORMAT = "dwarf-with-dsym";
				ENABLE_NS_ASSERTIONS = NO;
				ENABLE_STRICT_OBJC_MSGSEND = YES;
				GCC_C_LANGUAGE_STANDARD = gnu11;
				GCC_NO_COMMON_BLOCKS = YES;
				GCC_WARN_64_TO_32_BIT_CONVERSION = YES;
				GCC_WARN_ABOUT_RETURN_TYPE = YES_ERROR;
				GCC_WARN_UNDECLARED_SELECTOR = YES;
				GCC_WARN_UNINITIALIZED_AUTOS = YES_AGGRESSIVE;
				GCC_WARN_UNUSED_FUNCTION = YES;
				GCC_WARN_UNUSED_VARIABLE = YES;
				IPHONEOS_DEPLOYMENT_TARGET = 14.4;
				MTL_ENABLE_DEBUG_INFO = NO;
				MTL_FAST_MATH = YES;
				SDKROOT = iphoneos;
				SWIFT_COMPILATION_MODE = wholemodule;
				SWIFT_OPTIMIZATION_LEVEL = "-O";
				VALIDATE_PRODUCT = YES;
			};
			name = Release;
		};
		E268046F2611D6FB00544F2C /* Debug */ = {
			isa = XCBuildConfiguration;
			buildSettings = {
				ASSETCATALOG_COMPILER_APPICON_NAME = AppIcon;
				ASSETCATALOG_COMPILER_GLOBAL_ACCENT_COLOR_NAME = AccentColor;
				CODE_SIGN_STYLE = Automatic;
				DEVELOPMENT_TEAM = UPZDHWK7JW;
				INFOPLIST_FILE = "$(SRCROOT)/Personal Quiz/Supporting Files/Info.plist";
				LD_RUNPATH_SEARCH_PATHS = (
					"$(inherited)",
					"@executable_path/Frameworks",
				);
				PRODUCT_BUNDLE_IDENTIFIER = "Gadzhi-Agakhanov.Personal-Quiz";
				PRODUCT_NAME = "$(TARGET_NAME)";
				SWIFT_VERSION = 5.0;
				TARGETED_DEVICE_FAMILY = "1,2";
			};
			name = Debug;
		};
		E26804702611D6FB00544F2C /* Release */ = {
			isa = XCBuildConfiguration;
			buildSettings = {
				ASSETCATALOG_COMPILER_APPICON_NAME = AppIcon;
				ASSETCATALOG_COMPILER_GLOBAL_ACCENT_COLOR_NAME = AccentColor;
				CODE_SIGN_STYLE = Automatic;
				DEVELOPMENT_TEAM = UPZDHWK7JW;
				INFOPLIST_FILE = "$(SRCROOT)/Personal Quiz/Supporting Files/Info.plist";
				LD_RUNPATH_SEARCH_PATHS = (
					"$(inherited)",
					"@executable_path/Frameworks",
				);
				PRODUCT_BUNDLE_IDENTIFIER = "Gadzhi-Agakhanov.Personal-Quiz";
				PRODUCT_NAME = "$(TARGET_NAME)";
				SWIFT_VERSION = 5.0;
				TARGETED_DEVICE_FAMILY = "1,2";
			};
			name = Release;
		};
/* End XCBuildConfiguration section */

/* Begin XCConfigurationList section */
		E26804552611D6FB00544F2C /* Build configuration list for PBXProject "Personal Quiz" */ = {
			isa = XCConfigurationList;
			buildConfigurations = (
				E268046C2611D6FB00544F2C /* Debug */,
				E268046D2611D6FB00544F2C /* Release */,
			);
			defaultConfigurationIsVisible = 0;
			defaultConfigurationName = Release;
		};
		E268046E2611D6FB00544F2C /* Build configuration list for PBXNativeTarget "Personal Quiz" */ = {
			isa = XCConfigurationList;
			buildConfigurations = (
				E268046F2611D6FB00544F2C /* Debug */,
				E26804702611D6FB00544F2C /* Release */,
			);
			defaultConfigurationIsVisible = 0;
			defaultConfigurationName = Release;
		};
/* End XCConfigurationList section */
	};
	rootObject = E26804522611D6FB00544F2C /* Project object */;
}
